
Microsoft Visual Studio Solution File, Format Version 11.00
# Visual Studio 2010
Project("{FAE04EC0-301F-11D3-BF4B-00C04F79EFBC}") = "OpenHome.Os.Apps.Hosting", "Apps.Hosting\OpenHome.Os.Apps.Hosting.csproj", "{AB03D699-04CE-48D6-B75C-A13E3AD75C1B}"
EndProject
Project("{FAE04EC0-301F-11D3-BF4B-00C04F79EFBC}") = "OpenHome.Os.Platform", "Platform\OpenHome.Os.Platform.csproj", "{72A13E61-F6E5-4966-B66D-FB3E23157EE1}"
EndProject
Project("{FAE04EC0-301F-11D3-BF4B-00C04F79EFBC}") = "OpenHome.Os.TestApp1", "TestApp1\OpenHome.Os.TestApp1.csproj", "{929D11BA-F40B-4C2E-AC2E-943D810EBF7D}"
EndProject
Project("{FAE04EC0-301F-11D3-BF4B-00C04F79EFBC}") = "OpenHome.Os.IntegrationTests", "IntegrationTests\OpenHome.Os.IntegrationTests.csproj", "{E592BA45-2DF6-428D-861C-BC4528494EE0}"
EndProject
Project("{FAE04EC0-301F-11D3-BF4B-00C04F79EFBC}") = "OpenHome.Os.Host", "Host\OpenHome.Os.Host.csproj", "{192EAE4A-07F8-4608-AC8C-3C07EDCDEF11}"
EndProject
Project("{FAE04EC0-301F-11D3-BF4B-00C04F79EFBC}") = "OpenHome.Os.Network", "Network\OpenHome.Os.Network.csproj", "{4120B71E-CF20-47B4-8A8D-7E7B220EFB9A}"
EndProject
Project("{FAE04EC0-301F-11D3-BF4B-00C04F79EFBC}") = "OpenHome.Os.Remote", "Remote\OpenHome.Os.Remote.csproj", "{F0A29A4A-BB67-49DC-8E06-894484F72049}"
EndProject
Project("{FAE04EC0-301F-11D3-BF4B-00C04F79EFBC}") = "OpenHome.Os.Tests", "Tests\OpenHome.Os.Tests.csproj", "{6198D199-6FAD-420A-84A1-5A41A4D2EDF3}"
EndProject
Project("{FAE04EC0-301F-11D3-BF4B-00C04F79EFBC}") = "OpenHome.Os.AppManager", "AppManager\OpenHome.Os.AppManager.csproj", "{6180166A-BBEA-415E-8E10-9BB17389D6A7}"
EndProject
Project("{FAE04EC0-301F-11D3-BF4B-00C04F79EFBC}") = "OpenHome.Os.PackageTests", "PackageTests\OpenHome.Os.PackageTests.csproj", "{18720E6A-6A5A-41CC-BF12-D6FE9DFA599E}"
EndProject
Project("{FAE04EC0-301F-11D3-BF4B-00C04F79EFBC}") = "ohOs.Core", "Core\ohOs.Core.csproj", "{E7A375E0-3130-4BEA-8D81-5C7C75CB1CE4}"
EndProject
Project("{FAE04EC0-301F-11D3-BF4B-00C04F79EFBC}") = "OpenHome.Os.Update", "Update\OpenHome.Os.Update.csproj", "{D481FC2B-1091-4981-B436-BA3D5C19A7AE}"
EndProject
Project("{FAE04EC0-301F-11D3-BF4B-00C04F79EFBC}") = "OpenHome.XappForms.Hosting", "XappForms.Hosting\OpenHome.XappForms.Hosting.csproj", "{FE47990D-5AF0-468B-BDE9-DCF76217A742}"
EndProject
Project("{FAE04EC0-301F-11D3-BF4B-00C04F79EFBC}") = "XappForms.Tests", "XappForms.Tests\XappForms.Tests.csproj", "{3AA7CDAF-BB25-46E9-B3B3-D109824175DE}"
EndProject
Project("{FAE04EC0-301F-11D3-BF4B-00C04F79EFBC}") = "Xohj", "Xohj\Xohj.csproj", "{E5044F68-C565-4EBA-9C34-57DC0B15EF0F}"
EndProject
Project("{FAE04EC0-301F-11D3-BF4B-00C04F79EFBC}") = "XappForms.Client", "XappForms.Client\XappForms.Client.csproj", "{C355B68C-51C6-48B9-A949-08FE7B224010}"
EndProject
Project("{FAE04EC0-301F-11D3-BF4B-00C04F79EFBC}") = "OpenHome.XappForms.Api", "OpenHome.XappForms.Api\OpenHome.XappForms.Api.csproj", "{952680F0-1FD9-49DB-B69C-78D95D5D4F47}"
EndProject
Project("{FAE04EC0-301F-11D3-BF4B-00C04F79EFBC}") = "OpenHome.Os.Apps.Api", "Apps.Api\OpenHome.Os.Apps.Api.csproj", "{5FB1F26D-0064-4EA2-91EF-B5609B894E92}"
EndProject
Project("{FAE04EC0-301F-11D3-BF4B-00C04F79EFBC}") = "OpenHome.XappForms.Chat", "OpenHome.XappForms.Chat\OpenHome.XappForms.Chat.csproj", "{6F02825C-A3FA-42F1-96F1-5D4E42CC8149}"
EndProject
Global
	GlobalSection(SolutionConfigurationPlatforms) = preSolution
		Debug|Any CPU = Debug|Any CPU
		Debug|Mixed Platforms = Debug|Mixed Platforms
		Debug|x86 = Debug|x86
		Release|Any CPU = Release|Any CPU
		Release|Mixed Platforms = Release|Mixed Platforms
		Release|x86 = Release|x86
	EndGlobalSection
	GlobalSection(ProjectConfigurationPlatforms) = postSolution
		{AB03D699-04CE-48D6-B75C-A13E3AD75C1B}.Debug|Any CPU.ActiveCfg = Debug|Any CPU
		{AB03D699-04CE-48D6-B75C-A13E3AD75C1B}.Debug|Any CPU.Build.0 = Debug|Any CPU
		{AB03D699-04CE-48D6-B75C-A13E3AD75C1B}.Debug|Mixed Platforms.ActiveCfg = Debug|Any CPU
		{AB03D699-04CE-48D6-B75C-A13E3AD75C1B}.Debug|Mixed Platforms.Build.0 = Debug|Any CPU
		{AB03D699-04CE-48D6-B75C-A13E3AD75C1B}.Debug|x86.ActiveCfg = Debug|Any CPU
		{AB03D699-04CE-48D6-B75C-A13E3AD75C1B}.Release|Any CPU.ActiveCfg = Release|Any CPU
		{AB03D699-04CE-48D6-B75C-A13E3AD75C1B}.Release|Any CPU.Build.0 = Release|Any CPU
		{AB03D699-04CE-48D6-B75C-A13E3AD75C1B}.Release|Mixed Platforms.ActiveCfg = Release|Any CPU
		{AB03D699-04CE-48D6-B75C-A13E3AD75C1B}.Release|Mixed Platforms.Build.0 = Release|Any CPU
		{AB03D699-04CE-48D6-B75C-A13E3AD75C1B}.Release|x86.ActiveCfg = Release|Any CPU
		{72A13E61-F6E5-4966-B66D-FB3E23157EE1}.Debug|Any CPU.ActiveCfg = Debug|Any CPU
		{72A13E61-F6E5-4966-B66D-FB3E23157EE1}.Debug|Any CPU.Build.0 = Debug|Any CPU
		{72A13E61-F6E5-4966-B66D-FB3E23157EE1}.Debug|Mixed Platforms.ActiveCfg = Debug|Any CPU
		{72A13E61-F6E5-4966-B66D-FB3E23157EE1}.Debug|Mixed Platforms.Build.0 = Debug|Any CPU
		{72A13E61-F6E5-4966-B66D-FB3E23157EE1}.Debug|x86.ActiveCfg = Debug|Any CPU
		{72A13E61-F6E5-4966-B66D-FB3E23157EE1}.Release|Any CPU.ActiveCfg = Release|Any CPU
		{72A13E61-F6E5-4966-B66D-FB3E23157EE1}.Release|Any CPU.Build.0 = Release|Any CPU
		{72A13E61-F6E5-4966-B66D-FB3E23157EE1}.Release|Mixed Platforms.ActiveCfg = Release|Any CPU
		{72A13E61-F6E5-4966-B66D-FB3E23157EE1}.Release|Mixed Platforms.Build.0 = Release|Any CPU
		{72A13E61-F6E5-4966-B66D-FB3E23157EE1}.Release|x86.ActiveCfg = Release|Any CPU
		{929D11BA-F40B-4C2E-AC2E-943D810EBF7D}.Debug|Any CPU.ActiveCfg = Debug|Any CPU
		{929D11BA-F40B-4C2E-AC2E-943D810EBF7D}.Debug|Any CPU.Build.0 = Debug|Any CPU
		{929D11BA-F40B-4C2E-AC2E-943D810EBF7D}.Debug|Mixed Platforms.ActiveCfg = Debug|Any CPU
		{929D11BA-F40B-4C2E-AC2E-943D810EBF7D}.Debug|Mixed Platforms.Build.0 = Debug|Any CPU
		{929D11BA-F40B-4C2E-AC2E-943D810EBF7D}.Debug|x86.ActiveCfg = Debug|Any CPU
		{929D11BA-F40B-4C2E-AC2E-943D810EBF7D}.Release|Any CPU.ActiveCfg = Release|Any CPU
		{929D11BA-F40B-4C2E-AC2E-943D810EBF7D}.Release|Any CPU.Build.0 = Release|Any CPU
		{929D11BA-F40B-4C2E-AC2E-943D810EBF7D}.Release|Mixed Platforms.ActiveCfg = Release|Any CPU
		{929D11BA-F40B-4C2E-AC2E-943D810EBF7D}.Release|Mixed Platforms.Build.0 = Release|Any CPU
		{929D11BA-F40B-4C2E-AC2E-943D810EBF7D}.Release|x86.ActiveCfg = Release|Any CPU
		{E592BA45-2DF6-428D-861C-BC4528494EE0}.Debug|Any CPU.ActiveCfg = Debug|Any CPU
		{E592BA45-2DF6-428D-861C-BC4528494EE0}.Debug|Any CPU.Build.0 = Debug|Any CPU
		{E592BA45-2DF6-428D-861C-BC4528494EE0}.Debug|Mixed Platforms.ActiveCfg = Debug|Any CPU
		{E592BA45-2DF6-428D-861C-BC4528494EE0}.Debug|Mixed Platforms.Build.0 = Debug|Any CPU
		{E592BA45-2DF6-428D-861C-BC4528494EE0}.Debug|x86.ActiveCfg = Debug|Any CPU
		{E592BA45-2DF6-428D-861C-BC4528494EE0}.Release|Any CPU.ActiveCfg = Release|Any CPU
		{E592BA45-2DF6-428D-861C-BC4528494EE0}.Release|Any CPU.Build.0 = Release|Any CPU
		{E592BA45-2DF6-428D-861C-BC4528494EE0}.Release|Mixed Platforms.ActiveCfg = Release|Any CPU
		{E592BA45-2DF6-428D-861C-BC4528494EE0}.Release|Mixed Platforms.Build.0 = Release|Any CPU
		{E592BA45-2DF6-428D-861C-BC4528494EE0}.Release|x86.ActiveCfg = Release|Any CPU
		{192EAE4A-07F8-4608-AC8C-3C07EDCDEF11}.Debug|Any CPU.ActiveCfg = Debug|Any CPU
		{192EAE4A-07F8-4608-AC8C-3C07EDCDEF11}.Debug|Any CPU.Build.0 = Debug|Any CPU
		{192EAE4A-07F8-4608-AC8C-3C07EDCDEF11}.Debug|Mixed Platforms.ActiveCfg = Debug|Any CPU
		{192EAE4A-07F8-4608-AC8C-3C07EDCDEF11}.Debug|Mixed Platforms.Build.0 = Debug|Any CPU
		{192EAE4A-07F8-4608-AC8C-3C07EDCDEF11}.Debug|x86.ActiveCfg = Debug|Any CPU
		{192EAE4A-07F8-4608-AC8C-3C07EDCDEF11}.Release|Any CPU.ActiveCfg = Release|Any CPU
		{192EAE4A-07F8-4608-AC8C-3C07EDCDEF11}.Release|Any CPU.Build.0 = Release|Any CPU
		{192EAE4A-07F8-4608-AC8C-3C07EDCDEF11}.Release|Mixed Platforms.ActiveCfg = Release|Any CPU
		{192EAE4A-07F8-4608-AC8C-3C07EDCDEF11}.Release|Mixed Platforms.Build.0 = Release|Any CPU
		{192EAE4A-07F8-4608-AC8C-3C07EDCDEF11}.Release|x86.ActiveCfg = Release|Any CPU
		{4120B71E-CF20-47B4-8A8D-7E7B220EFB9A}.Debug|Any CPU.ActiveCfg = Debug|Any CPU
		{4120B71E-CF20-47B4-8A8D-7E7B220EFB9A}.Debug|Any CPU.Build.0 = Debug|Any CPU
		{4120B71E-CF20-47B4-8A8D-7E7B220EFB9A}.Debug|Mixed Platforms.ActiveCfg = Debug|Any CPU
		{4120B71E-CF20-47B4-8A8D-7E7B220EFB9A}.Debug|Mixed Platforms.Build.0 = Debug|Any CPU
		{4120B71E-CF20-47B4-8A8D-7E7B220EFB9A}.Debug|x86.ActiveCfg = Debug|Any CPU
		{4120B71E-CF20-47B4-8A8D-7E7B220EFB9A}.Release|Any CPU.ActiveCfg = Release|Any CPU
		{4120B71E-CF20-47B4-8A8D-7E7B220EFB9A}.Release|Any CPU.Build.0 = Release|Any CPU
		{4120B71E-CF20-47B4-8A8D-7E7B220EFB9A}.Release|Mixed Platforms.ActiveCfg = Release|Any CPU
		{4120B71E-CF20-47B4-8A8D-7E7B220EFB9A}.Release|Mixed Platforms.Build.0 = Release|Any CPU
		{4120B71E-CF20-47B4-8A8D-7E7B220EFB9A}.Release|x86.ActiveCfg = Release|Any CPU
		{F0A29A4A-BB67-49DC-8E06-894484F72049}.Debug|Any CPU.ActiveCfg = Debug|Any CPU
		{F0A29A4A-BB67-49DC-8E06-894484F72049}.Debug|Any CPU.Build.0 = Debug|Any CPU
		{F0A29A4A-BB67-49DC-8E06-894484F72049}.Debug|Mixed Platforms.ActiveCfg = Debug|Any CPU
		{F0A29A4A-BB67-49DC-8E06-894484F72049}.Debug|Mixed Platforms.Build.0 = Debug|Any CPU
		{F0A29A4A-BB67-49DC-8E06-894484F72049}.Debug|x86.ActiveCfg = Debug|Any CPU
		{F0A29A4A-BB67-49DC-8E06-894484F72049}.Release|Any CPU.ActiveCfg = Release|Any CPU
		{F0A29A4A-BB67-49DC-8E06-894484F72049}.Release|Any CPU.Build.0 = Release|Any CPU
		{F0A29A4A-BB67-49DC-8E06-894484F72049}.Release|Mixed Platforms.ActiveCfg = Release|Any CPU
		{F0A29A4A-BB67-49DC-8E06-894484F72049}.Release|Mixed Platforms.Build.0 = Release|Any CPU
		{F0A29A4A-BB67-49DC-8E06-894484F72049}.Release|x86.ActiveCfg = Release|Any CPU
		{6198D199-6FAD-420A-84A1-5A41A4D2EDF3}.Debug|Any CPU.ActiveCfg = Debug|Any CPU
		{6198D199-6FAD-420A-84A1-5A41A4D2EDF3}.Debug|Any CPU.Build.0 = Debug|Any CPU
		{6198D199-6FAD-420A-84A1-5A41A4D2EDF3}.Debug|Mixed Platforms.ActiveCfg = Debug|Any CPU
		{6198D199-6FAD-420A-84A1-5A41A4D2EDF3}.Debug|Mixed Platforms.Build.0 = Debug|Any CPU
		{6198D199-6FAD-420A-84A1-5A41A4D2EDF3}.Debug|x86.ActiveCfg = Debug|Any CPU
		{6198D199-6FAD-420A-84A1-5A41A4D2EDF3}.Release|Any CPU.ActiveCfg = Release|Any CPU
		{6198D199-6FAD-420A-84A1-5A41A4D2EDF3}.Release|Any CPU.Build.0 = Release|Any CPU
		{6198D199-6FAD-420A-84A1-5A41A4D2EDF3}.Release|Mixed Platforms.ActiveCfg = Release|Any CPU
		{6198D199-6FAD-420A-84A1-5A41A4D2EDF3}.Release|Mixed Platforms.Build.0 = Release|Any CPU
		{6198D199-6FAD-420A-84A1-5A41A4D2EDF3}.Release|x86.ActiveCfg = Release|Any CPU
		{6180166A-BBEA-415E-8E10-9BB17389D6A7}.Debug|Any CPU.ActiveCfg = Debug|Any CPU
		{6180166A-BBEA-415E-8E10-9BB17389D6A7}.Debug|Any CPU.Build.0 = Debug|Any CPU
		{6180166A-BBEA-415E-8E10-9BB17389D6A7}.Debug|Mixed Platforms.ActiveCfg = Debug|Any CPU
		{6180166A-BBEA-415E-8E10-9BB17389D6A7}.Debug|Mixed Platforms.Build.0 = Debug|Any CPU
		{6180166A-BBEA-415E-8E10-9BB17389D6A7}.Debug|x86.ActiveCfg = Debug|Any CPU
		{6180166A-BBEA-415E-8E10-9BB17389D6A7}.Release|Any CPU.ActiveCfg = Release|Any CPU
		{6180166A-BBEA-415E-8E10-9BB17389D6A7}.Release|Any CPU.Build.0 = Release|Any CPU
		{6180166A-BBEA-415E-8E10-9BB17389D6A7}.Release|Mixed Platforms.ActiveCfg = Release|Any CPU
		{6180166A-BBEA-415E-8E10-9BB17389D6A7}.Release|Mixed Platforms.Build.0 = Release|Any CPU
		{6180166A-BBEA-415E-8E10-9BB17389D6A7}.Release|x86.ActiveCfg = Release|Any CPU
		{18720E6A-6A5A-41CC-BF12-D6FE9DFA599E}.Debug|Any CPU.ActiveCfg = Debug|Any CPU
		{18720E6A-6A5A-41CC-BF12-D6FE9DFA599E}.Debug|Any CPU.Build.0 = Debug|Any CPU
		{18720E6A-6A5A-41CC-BF12-D6FE9DFA599E}.Debug|Mixed Platforms.ActiveCfg = Debug|Any CPU
		{18720E6A-6A5A-41CC-BF12-D6FE9DFA599E}.Debug|Mixed Platforms.Build.0 = Debug|Any CPU
		{18720E6A-6A5A-41CC-BF12-D6FE9DFA599E}.Debug|x86.ActiveCfg = Debug|Any CPU
		{18720E6A-6A5A-41CC-BF12-D6FE9DFA599E}.Release|Any CPU.ActiveCfg = Release|Any CPU
		{18720E6A-6A5A-41CC-BF12-D6FE9DFA599E}.Release|Any CPU.Build.0 = Release|Any CPU
		{18720E6A-6A5A-41CC-BF12-D6FE9DFA599E}.Release|Mixed Platforms.ActiveCfg = Release|Any CPU
		{18720E6A-6A5A-41CC-BF12-D6FE9DFA599E}.Release|Mixed Platforms.Build.0 = Release|Any CPU
		{18720E6A-6A5A-41CC-BF12-D6FE9DFA599E}.Release|x86.ActiveCfg = Release|Any CPU
		{E7A375E0-3130-4BEA-8D81-5C7C75CB1CE4}.Debug|Any CPU.ActiveCfg = Debug|Any CPU
		{E7A375E0-3130-4BEA-8D81-5C7C75CB1CE4}.Debug|Any CPU.Build.0 = Debug|Any CPU
		{E7A375E0-3130-4BEA-8D81-5C7C75CB1CE4}.Debug|Mixed Platforms.ActiveCfg = Debug|Any CPU
		{E7A375E0-3130-4BEA-8D81-5C7C75CB1CE4}.Debug|Mixed Platforms.Build.0 = Debug|Any CPU
		{E7A375E0-3130-4BEA-8D81-5C7C75CB1CE4}.Debug|x86.ActiveCfg = Debug|Any CPU
		{E7A375E0-3130-4BEA-8D81-5C7C75CB1CE4}.Release|Any CPU.ActiveCfg = Release|Any CPU
		{E7A375E0-3130-4BEA-8D81-5C7C75CB1CE4}.Release|Any CPU.Build.0 = Release|Any CPU
		{E7A375E0-3130-4BEA-8D81-5C7C75CB1CE4}.Release|Mixed Platforms.ActiveCfg = Release|Any CPU
		{E7A375E0-3130-4BEA-8D81-5C7C75CB1CE4}.Release|Mixed Platforms.Build.0 = Release|Any CPU
		{E7A375E0-3130-4BEA-8D81-5C7C75CB1CE4}.Release|x86.ActiveCfg = Release|Any CPU
		{D481FC2B-1091-4981-B436-BA3D5C19A7AE}.Debug|Any CPU.ActiveCfg = Debug|Any CPU
		{D481FC2B-1091-4981-B436-BA3D5C19A7AE}.Debug|Any CPU.Build.0 = Debug|Any CPU
		{D481FC2B-1091-4981-B436-BA3D5C19A7AE}.Debug|Mixed Platforms.ActiveCfg = Debug|Any CPU
		{D481FC2B-1091-4981-B436-BA3D5C19A7AE}.Debug|Mixed Platforms.Build.0 = Debug|Any CPU
		{D481FC2B-1091-4981-B436-BA3D5C19A7AE}.Debug|x86.ActiveCfg = Debug|Any CPU
		{D481FC2B-1091-4981-B436-BA3D5C19A7AE}.Release|Any CPU.ActiveCfg = Release|Any CPU
		{D481FC2B-1091-4981-B436-BA3D5C19A7AE}.Release|Any CPU.Build.0 = Release|Any CPU
		{D481FC2B-1091-4981-B436-BA3D5C19A7AE}.Release|Mixed Platforms.ActiveCfg = Release|Any CPU
		{D481FC2B-1091-4981-B436-BA3D5C19A7AE}.Release|Mixed Platforms.Build.0 = Release|Any CPU
		{D481FC2B-1091-4981-B436-BA3D5C19A7AE}.Release|x86.ActiveCfg = Release|Any CPU
		{FE47990D-5AF0-468B-BDE9-DCF76217A742}.Debug|Any CPU.ActiveCfg = Debug|Any CPU
		{FE47990D-5AF0-468B-BDE9-DCF76217A742}.Debug|Any CPU.Build.0 = Debug|Any CPU
		{FE47990D-5AF0-468B-BDE9-DCF76217A742}.Debug|Mixed Platforms.ActiveCfg = Debug|Any CPU
		{FE47990D-5AF0-468B-BDE9-DCF76217A742}.Debug|Mixed Platforms.Build.0 = Debug|Any CPU
		{FE47990D-5AF0-468B-BDE9-DCF76217A742}.Debug|x86.ActiveCfg = Debug|Any CPU
		{FE47990D-5AF0-468B-BDE9-DCF76217A742}.Release|Any CPU.ActiveCfg = Release|Any CPU
		{FE47990D-5AF0-468B-BDE9-DCF76217A742}.Release|Any CPU.Build.0 = Release|Any CPU
		{FE47990D-5AF0-468B-BDE9-DCF76217A742}.Release|Mixed Platforms.ActiveCfg = Release|Any CPU
		{FE47990D-5AF0-468B-BDE9-DCF76217A742}.Release|Mixed Platforms.Build.0 = Release|Any CPU
		{FE47990D-5AF0-468B-BDE9-DCF76217A742}.Release|x86.ActiveCfg = Release|Any CPU
		{3AA7CDAF-BB25-46E9-B3B3-D109824175DE}.Debug|Any CPU.ActiveCfg = Debug|Any CPU
		{3AA7CDAF-BB25-46E9-B3B3-D109824175DE}.Debug|Any CPU.Build.0 = Debug|Any CPU
		{3AA7CDAF-BB25-46E9-B3B3-D109824175DE}.Debug|Mixed Platforms.ActiveCfg = Debug|Any CPU
		{3AA7CDAF-BB25-46E9-B3B3-D109824175DE}.Debug|Mixed Platforms.Build.0 = Debug|Any CPU
		{3AA7CDAF-BB25-46E9-B3B3-D109824175DE}.Debug|x86.ActiveCfg = Debug|Any CPU
		{3AA7CDAF-BB25-46E9-B3B3-D109824175DE}.Release|Any CPU.ActiveCfg = Release|Any CPU
		{3AA7CDAF-BB25-46E9-B3B3-D109824175DE}.Release|Any CPU.Build.0 = Release|Any CPU
		{3AA7CDAF-BB25-46E9-B3B3-D109824175DE}.Release|Mixed Platforms.ActiveCfg = Release|Any CPU
		{3AA7CDAF-BB25-46E9-B3B3-D109824175DE}.Release|Mixed Platforms.Build.0 = Release|Any CPU
		{3AA7CDAF-BB25-46E9-B3B3-D109824175DE}.Release|x86.ActiveCfg = Release|Any CPU
		{E5044F68-C565-4EBA-9C34-57DC0B15EF0F}.Debug|Any CPU.ActiveCfg = Debug|x86
		{E5044F68-C565-4EBA-9C34-57DC0B15EF0F}.Debug|Mixed Platforms.ActiveCfg = Debug|x86
		{E5044F68-C565-4EBA-9C34-57DC0B15EF0F}.Debug|Mixed Platforms.Build.0 = Debug|x86
		{E5044F68-C565-4EBA-9C34-57DC0B15EF0F}.Debug|x86.ActiveCfg = Debug|x86
		{E5044F68-C565-4EBA-9C34-57DC0B15EF0F}.Debug|x86.Build.0 = Debug|x86
		{E5044F68-C565-4EBA-9C34-57DC0B15EF0F}.Release|Any CPU.ActiveCfg = Release|x86
		{E5044F68-C565-4EBA-9C34-57DC0B15EF0F}.Release|Mixed Platforms.ActiveCfg = Release|x86
		{E5044F68-C565-4EBA-9C34-57DC0B15EF0F}.Release|Mixed Platforms.Build.0 = Release|x86
		{E5044F68-C565-4EBA-9C34-57DC0B15EF0F}.Release|x86.ActiveCfg = Release|x86
		{E5044F68-C565-4EBA-9C34-57DC0B15EF0F}.Release|x86.Build.0 = Release|x86
		{C355B68C-51C6-48B9-A949-08FE7B224010}.Debug|Any CPU.ActiveCfg = Debug|Any CPU
		{C355B68C-51C6-48B9-A949-08FE7B224010}.Debug|Any CPU.Build.0 = Debug|Any CPU
		{C355B68C-51C6-48B9-A949-08FE7B224010}.Debug|Mixed Platforms.ActiveCfg = Debug|Any CPU
		{C355B68C-51C6-48B9-A949-08FE7B224010}.Debug|Mixed Platforms.Build.0 = Debug|Any CPU
		{C355B68C-51C6-48B9-A949-08FE7B224010}.Debug|x86.ActiveCfg = Debug|Any CPU
		{C355B68C-51C6-48B9-A949-08FE7B224010}.Release|Any CPU.ActiveCfg = Debug|Any CPU
		{C355B68C-51C6-48B9-A949-08FE7B224010}.Release|Any CPU.Build.0 = Debug|Any CPU
		{C355B68C-51C6-48B9-A949-08FE7B224010}.Release|Mixed Platforms.ActiveCfg = Debug|Any CPU
		{C355B68C-51C6-48B9-A949-08FE7B224010}.Release|Mixed Platforms.Build.0 = Debug|Any CPU
		{C355B68C-51C6-48B9-A949-08FE7B224010}.Release|x86.ActiveCfg = Debug|Any CPU
		{952680F0-1FD9-49DB-B69C-78D95D5D4F47}.Debug|Any CPU.ActiveCfg = Debug|Any CPU
		{952680F0-1FD9-49DB-B69C-78D95D5D4F47}.Debug|Any CPU.Build.0 = Debug|Any CPU
		{952680F0-1FD9-49DB-B69C-78D95D5D4F47}.Debug|Mixed Platforms.ActiveCfg = Debug|Any CPU
		{952680F0-1FD9-49DB-B69C-78D95D5D4F47}.Debug|Mixed Platforms.Build.0 = Debug|Any CPU
		{952680F0-1FD9-49DB-B69C-78D95D5D4F47}.Debug|x86.ActiveCfg = Debug|Any CPU
		{952680F0-1FD9-49DB-B69C-78D95D5D4F47}.Release|Any CPU.ActiveCfg = Release|Any CPU
		{952680F0-1FD9-49DB-B69C-78D95D5D4F47}.Release|Any CPU.Build.0 = Release|Any CPU
		{952680F0-1FD9-49DB-B69C-78D95D5D4F47}.Release|Mixed Platforms.ActiveCfg = Release|Any CPU
		{952680F0-1FD9-49DB-B69C-78D95D5D4F47}.Release|Mixed Platforms.Build.0 = Release|Any CPU
		{952680F0-1FD9-49DB-B69C-78D95D5D4F47}.Release|x86.ActiveCfg = Release|Any CPU
		{5FB1F26D-0064-4EA2-91EF-B5609B894E92}.Debug|Any CPU.ActiveCfg = Debug|Any CPU
		{5FB1F26D-0064-4EA2-91EF-B5609B894E92}.Debug|Any CPU.Build.0 = Debug|Any CPU
		{5FB1F26D-0064-4EA2-91EF-B5609B894E92}.Debug|Mixed Platforms.ActiveCfg = Debug|Any CPU
		{5FB1F26D-0064-4EA2-91EF-B5609B894E92}.Debug|Mixed Platforms.Build.0 = Debug|Any CPU
		{5FB1F26D-0064-4EA2-91EF-B5609B894E92}.Debug|x86.ActiveCfg = Debug|Any CPU
		{5FB1F26D-0064-4EA2-91EF-B5609B894E92}.Release|Any CPU.ActiveCfg = Release|Any CPU
		{5FB1F26D-0064-4EA2-91EF-B5609B894E92}.Release|Any CPU.Build.0 = Release|Any CPU
		{5FB1F26D-0064-4EA2-91EF-B5609B894E92}.Release|Mixed Platforms.ActiveCfg = Release|Any CPU
		{5FB1F26D-0064-4EA2-91EF-B5609B894E92}.Release|Mixed Platforms.Build.0 = Release|Any CPU
		{5FB1F26D-0064-4EA2-91EF-B5609B894E92}.Release|x86.ActiveCfg = Release|Any CPU
		{6F02825C-A3FA-42F1-96F1-5D4E42CC8149}.Debug|Any CPU.ActiveCfg = Debug|Any CPU
		{6F02825C-A3FA-42F1-96F1-5D4E42CC8149}.Debug|Any CPU.Build.0 = Debug|Any CPU
		{6F02825C-A3FA-42F1-96F1-5D4E42CC8149}.Debug|Mixed Platforms.ActiveCfg = Debug|Any CPU
		{6F02825C-A3FA-42F1-96F1-5D4E42CC8149}.Debug|Mixed Platforms.Build.0 = Debug|Any CPU
		{6F02825C-A3FA-42F1-96F1-5D4E42CC8149}.Debug|x86.ActiveCfg = Debug|Any CPU
		{6F02825C-A3FA-42F1-96F1-5D4E42CC8149}.Release|Any CPU.ActiveCfg = Release|Any CPU
		{6F02825C-A3FA-42F1-96F1-5D4E42CC8149}.Release|Any CPU.Build.0 = Release|Any CPU
		{6F02825C-A3FA-42F1-96F1-5D4E42CC8149}.Release|Mixed Platforms.ActiveCfg = Release|Any CPU
		{6F02825C-A3FA-42F1-96F1-5D4E42CC8149}.Release|Mixed Platforms.Build.0 = Release|Any CPU
		{6F02825C-A3FA-42F1-96F1-5D4E42CC8149}.Release|x86.ActiveCfg = Release|Any CPU
	EndGlobalSection
	GlobalSection(SolutionProperties) = preSolution
		HideSolutionNode = FALSE
	EndGlobalSection
EndGlobal
